// !$*UTF8*$!
{
	archiveVersion = 1;
	classes = {
	};
	objectVersion = 48;
	objects = {

/* Begin PBXBuildFile section */
		8E94675220891332002A4EF1 /* AppDelegate.swift in Sources */ = {isa = PBXBuildFile; fileRef = 8E94675120891332002A4EF1 /* AppDelegate.swift */; };
		8E94675420891332002A4EF1 /* ViewController.swift in Sources */ = {isa = PBXBuildFile; fileRef = 8E94675320891332002A4EF1 /* ViewController.swift */; };
		8E94675720891332002A4EF1 /* Main.storyboard in Resources */ = {isa = PBXBuildFile; fileRef = 8E94675520891332002A4EF1 /* Main.storyboard */; };
		8E94675920891332002A4EF1 /* Assets.xcassets in Resources */ = {isa = PBXBuildFile; fileRef = 8E94675820891332002A4EF1 /* Assets.xcassets */; };
		8E94675C20891332002A4EF1 /* LaunchScreen.storyboard in Resources */ = {isa = PBXBuildFile; fileRef = 8E94675A20891332002A4EF1 /* LaunchScreen.storyboard */; };
		8E94676720891332002A4EF1 /* NailFinder2Tests.swift in Sources */ = {isa = PBXBuildFile; fileRef = 8E94676620891332002A4EF1 /* NailFinder2Tests.swift */; };
		8E94677220891332002A4EF1 /* NailFinder2UITests.swift in Sources */ = {isa = PBXBuildFile; fileRef = 8E94677120891332002A4EF1 /* NailFinder2UITests.swift */; };
/* End PBXBuildFile section */

/* Begin PBXContainerItemProxy section */
		8E94676320891332002A4EF1 /* PBXContainerItemProxy */ = {
			isa = PBXContainerItemProxy;
			containerPortal = 8E94674620891332002A4EF1 /* Project object */;
			proxyType = 1;
			remoteGlobalIDString = 8E94674D20891332002A4EF1;
			remoteInfo = NailFinder2;
		};
		8E94676E20891332002A4EF1 /* PBXContainerItemProxy */ = {
			isa = PBXContainerItemProxy;
			containerPortal = 8E94674620891332002A4EF1 /* Project object */;
			proxyType = 1;
			remoteGlobalIDString = 8E94674D20891332002A4EF1;
			remoteInfo = NailFinder2;
		};
/* End PBXContainerItemProxy section */

/* Begin PBXFileReference section */
		8E94674E20891332002A4EF1 /* NailFinder2.app */ = {isa = PBXFileReference; explicitFileType = wrapper.application; includeInIndex = 0; path = NailFinder2.app; sourceTree = BUILT_PRODUCTS_DIR; };
		8E94675120891332002A4EF1 /* AppDelegate.swift */ = {isa = PBXFileReference; lastKnownFileType = sourcecode.swift; path = AppDelegate.swift; sourceTree = "<group>"; };
		8E94675320891332002A4EF1 /* ViewController.swift */ = {isa = PBXFileReference; lastKnownFileType = sourcecode.swift; path = ViewController.swift; sourceTree = "<group>"; };
		8E94675620891332002A4EF1 /* Base */ = {isa = PBXFileReference; lastKnownFileType = file.storyboard; name = Base; path = Base.lproj/Main.storyboard; sourceTree = "<group>"; };
		8E94675820891332002A4EF1 /* Assets.xcassets */ = {isa = PBXFileReference; lastKnownFileType = folder.assetcatalog; path = Assets.xcassets; sourceTree = "<group>"; };
		8E94675B20891332002A4EF1 /* Base */ = {isa = PBXFileReference; lastKnownFileType = file.storyboard; name = Base; path = Base.lproj/LaunchScreen.storyboard; sourceTree = "<group>"; };
		8E94675D20891332002A4EF1 /* Info.plist */ = {isa = PBXFileReference; lastKnownFileType = text.plist.xml; path = Info.plist; sourceTree = "<group>"; };
		8E94676220891332002A4EF1 /* NailFinder2Tests.xctest */ = {isa = PBXFileReference; explicitFileType = wrapper.cfbundle; includeInIndex = 0; path = NailFinder2Tests.xctest; sourceTree = BUILT_PRODUCTS_DIR; };
		8E94676620891332002A4EF1 /* NailFinder2Tests.swift */ = {isa = PBXFileReference; lastKnownFileType = sourcecode.swift; path = NailFinder2Tests.swift; sourceTree = "<group>"; };
		8E94676820891332002A4EF1 /* Info.plist */ = {isa = PBXFileReference; lastKnownFileType = text.plist.xml; path = Info.plist; sourceTree = "<group>"; };
		8E94676D20891332002A4EF1 /* NailFinder2UITests.xctest */ = {isa = PBXFileReference; explicitFileType = wrapper.cfbundle; includeInIndex = 0; path = NailFinder2UITests.xctest; sourceTree = BUILT_PRODUCTS_DIR; };
		8E94677120891332002A4EF1 /* NailFinder2UITests.swift */ = {isa = PBXFileReference; lastKnownFileType = sourcecode.swift; path = NailFinder2UITests.swift; sourceTree = "<group>"; };
		8E94677320891332002A4EF1 /* Info.plist */ = {isa = PBXFileReference; lastKnownFileType = text.plist.xml; path = Info.plist; sourceTree = "<group>"; };
/* End PBXFileReference section */

/* Begin PBXFrameworksBuildPhase section */
		8E94674B20891332002A4EF1 /* Frameworks */ = {
			isa = PBXFrameworksBuildPhase;
			buildActionMask = 2147483647;
			files = (
			);
			runOnlyForDeploymentPostprocessing = 0;
		};
		8E94675F20891332002A4EF1 /* Frameworks */ = {
			isa = PBXFrameworksBuildPhase;
			buildActionMask = 2147483647;
			files = (
			);
			runOnlyForDeploymentPostprocessing = 0;
		};
		8E94676A20891332002A4EF1 /* Frameworks */ = {
			isa = PBXFrameworksBuildPhase;
			buildActionMask = 2147483647;
			files = (
			);
			runOnlyForDeploymentPostprocessing = 0;
		};
/* End PBXFrameworksBuildPhase section */

/* Begin PBXGroup section */
		8E94674520891332002A4EF1 = {
			isa = PBXGroup;
			children = (
				8E94675020891332002A4EF1 /* NailFinder2 */,
				8E94676520891332002A4EF1 /* NailFinder2Tests */,
				8E94677020891332002A4EF1 /* NailFinder2UITests */,
				8E94674F20891332002A4EF1 /* Products */,
			);
			sourceTree = "<group>";
		};
		8E94674F20891332002A4EF1 /* Products */ = {
			isa = PBXGroup;
			children = (
				8E94674E20891332002A4EF1 /* NailFinder2.app */,
				8E94676220891332002A4EF1 /* NailFinder2Tests.xctest */,
				8E94676D20891332002A4EF1 /* NailFinder2UITests.xctest */,
			);
			name = Products;
			sourceTree = "<group>";
		};
		8E94675020891332002A4EF1 /* NailFinder2 */ = {
			isa = PBXGroup;
			children = (
				8E94675120891332002A4EF1 /* AppDelegate.swift */,
				8E94675320891332002A4EF1 /* ViewController.swift */,
				8E94675520891332002A4EF1 /* Main.storyboard */,
				8E94675820891332002A4EF1 /* Assets.xcassets */,
				8E94675A20891332002A4EF1 /* LaunchScreen.storyboard */,
				8E94675D20891332002A4EF1 /* Info.plist */,
			);
			path = NailFinder2;
			sourceTree = "<group>";
		};
		8E94676520891332002A4EF1 /* NailFinder2Tests */ = {
			isa = PBXGroup;
			children = (
				8E94676620891332002A4EF1 /* NailFinder2Tests.swift */,
				8E94676820891332002A4EF1 /* Info.plist */,
			);
			path = NailFinder2Tests;
			sourceTree = "<group>";
		};
		8E94677020891332002A4EF1 /* NailFinder2UITests */ = {
			isa = PBXGroup;
			children = (
				8E94677120891332002A4EF1 /* NailFinder2UITests.swift */,
				8E94677320891332002A4EF1 /* Info.plist */,
			);
			path = NailFinder2UITests;
			sourceTree = "<group>";
		};
/* End PBXGroup section */

/* Begin PBXNativeTarget section */
		8E94674D20891332002A4EF1 /* NailFinder2 */ = {
			isa = PBXNativeTarget;
			buildConfigurationList = 8E94677620891332002A4EF1 /* Build configuration list for PBXNativeTarget "NailFinder2" */;
			buildPhases = (
				8E94674A20891332002A4EF1 /* Sources */,
				8E94674B20891332002A4EF1 /* Frameworks */,
				8E94674C20891332002A4EF1 /* Resources */,
			);
			buildRules = (
			);
			dependencies = (
			);
			name = NailFinder2;
			productName = NailFinder2;
			productReference = 8E94674E20891332002A4EF1 /* NailFinder2.app */;
			productType = "com.apple.product-type.application";
		};
		8E94676120891332002A4EF1 /* NailFinder2Tests */ = {
			isa = PBXNativeTarget;
			buildConfigurationList = 8E94677920891332002A4EF1 /* Build configuration list for PBXNativeTarget "NailFinder2Tests" */;
			buildPhases = (
				8E94675E20891332002A4EF1 /* Sources */,
				8E94675F20891332002A4EF1 /* Frameworks */,
				8E94676020891332002A4EF1 /* Resources */,
			);
			buildRules = (
			);
			dependencies = (
				8E94676420891332002A4EF1 /* PBXTargetDependency */,
			);
			name = NailFinder2Tests;
			productName = NailFinder2Tests;
			productReference = 8E94676220891332002A4EF1 /* NailFinder2Tests.xctest */;
			productType = "com.apple.product-type.bundle.unit-test";
		};
		8E94676C20891332002A4EF1 /* NailFinder2UITests */ = {
			isa = PBXNativeTarget;
			buildConfigurationList = 8E94677C20891332002A4EF1 /* Build configuration list for PBXNativeTarget "NailFinder2UITests" */;
			buildPhases = (
				8E94676920891332002A4EF1 /* Sources */,
				8E94676A20891332002A4EF1 /* Frameworks */,
				8E94676B20891332002A4EF1 /* Resources */,
			);
			buildRules = (
			);
			dependencies = (
				8E94676F20891332002A4EF1 /* PBXTargetDependency */,
			);
			name = NailFinder2UITests;
			productName = NailFinder2UITests;
			productReference = 8E94676D20891332002A4EF1 /* NailFinder2UITests.xctest */;
			productType = "com.apple.product-type.bundle.ui-testing";
		};
/* End PBXNativeTarget section */

/* Begin PBXProject section */
		8E94674620891332002A4EF1 /* Project object */ = {
			isa = PBXProject;
			attributes = {
				LastSwiftUpdateCheck = 0920;
				LastUpgradeCheck = 0920;
				ORGANIZATIONNAME = "An Nguyen";
				TargetAttributes = {
					8E94674D20891332002A4EF1 = {
						CreatedOnToolsVersion = 9.2;
						ProvisioningStyle = Automatic;
					};
					8E94676120891332002A4EF1 = {
						CreatedOnToolsVersion = 9.2;
						ProvisioningStyle = Automatic;
						TestTargetID = 8E94674D20891332002A4EF1;
					};
					8E94676C20891332002A4EF1 = {
						CreatedOnToolsVersion = 9.2;
						ProvisioningStyle = Automatic;
						TestTargetID = 8E94674D20891332002A4EF1;
					};
				};
			};
			buildConfigurationList = 8E94674920891332002A4EF1 /* Build configuration list for PBXProject "NailFinder2" */;
			compatibilityVersion = "Xcode 8.0";
			developmentRegion = en;
			hasScannedForEncodings = 0;
			knownRegions = (
				en,
				Base,
			);
			mainGroup = 8E94674520891332002A4EF1;
			productRefGroup = 8E94674F20891332002A4EF1 /* Products */;
			projectDirPath = "";
			projectRoot = "";
			targets = (
				8E94674D20891332002A4EF1 /* NailFinder2 */,
				8E94676120891332002A4EF1 /* NailFinder2Tests */,
				8E94676C20891332002A4EF1 /* NailFinder2UITests */,
			);
		};
/* End PBXProject section */

/* Begin PBXResourcesBuildPhase section */
		8E94674C20891332002A4EF1 /* Resources */ = {
			isa = PBXResourcesBuildPhase;
			buildActionMask = 2147483647;
			files = (
				8E94675C20891332002A4EF1 /* LaunchScreen.storyboard in Resources */,
				8E94675920891332002A4EF1 /* Assets.xcassets in Resources */,
				8E94675720891332002A4EF1 /* Main.storyboard in Resources */,
			);
			runOnlyForDeploymentPostprocessing = 0;
		};
		8E94676020891332002A4EF1 /* Resources */ = {
			isa = PBXResourcesBuildPhase;
			buildActionMask = 2147483647;
			files = (
			);
			runOnlyForDeploymentPostprocessing = 0;
		};
		8E94676B20891332002A4EF1 /* Resources */ = {
			isa = PBXResourcesBuildPhase;
			buildActionMask = 2147483647;
			files = (
			);
			runOnlyForDeploymentPostprocessing = 0;
		};
/* End PBXResourcesBuildPhase section */

/* Begin PBXSourcesBuildPhase section */
		8E94674A20891332002A4EF1 /* Sources */ = {
			isa = PBXSourcesBuildPhase;
			buildActionMask = 2147483647;
			files = (
				8E94675420891332002A4EF1 /* ViewController.swift in Sources */,
				8E94675220891332002A4EF1 /* AppDelegate.swift in Sources */,
			);
			runOnlyForDeploymentPostprocessing = 0;
		};
		8E94675E20891332002A4EF1 /* Sources */ = {
			isa = PBXSourcesBuildPhase;
			buildActionMask = 2147483647;
			files = (
				8E94676720891332002A4EF1 /* NailFinder2Tests.swift in Sources */,
			);
			runOnlyForDeploymentPostprocessing = 0;
		};
		8E94676920891332002A4EF1 /* Sources */ = {
			isa = PBXSourcesBuildPhase;
			buildActionMask = 2147483647;
			files = (
				8E94677220891332002A4EF1 /* NailFinder2UITests.swift in Sources */,
			);
			runOnlyForDeploymentPostprocessing = 0;
		};
/* End PBXSourcesBuildPhase section */

/* Begin PBXTargetDependency section */
		8E94676420891332002A4EF1 /* PBXTargetDependency */ = {
			isa = PBXTargetDependency;
			target = 8E94674D20891332002A4EF1 /* NailFinder2 */;
			targetProxy = 8E94676320891332002A4EF1 /* PBXContainerItemProxy */;
		};
		8E94676F20891332002A4EF1 /* PBXTargetDependency */ = {
			isa = PBXTargetDependency;
			target = 8E94674D20891332002A4EF1 /* NailFinder2 */;
			targetProxy = 8E94676E20891332002A4EF1 /* PBXContainerItemProxy */;
		};
/* End PBXTargetDependency section */

/* Begin PBXVariantGroup section */
		8E94675520891332002A4EF1 /* Main.storyboard */ = {
			isa = PBXVariantGroup;
			children = (
				8E94675620891332002A4EF1 /* Base */,
			);
			name = Main.storyboard;
			sourceTree = "<group>";
		};
		8E94675A20891332002A4EF1 /* LaunchScreen.storyboard */ = {
			isa = PBXVariantGroup;
			children = (
				8E94675B20891332002A4EF1 /* Base */,
			);
			name = LaunchScreen.storyboard;
			sourceTree = "<group>";
		};
/* End PBXVariantGroup section */

/* Begin XCBuildConfiguration section */
		8E94677420891332002A4EF1 /* Debug */ = {
			isa = XCBuildConfiguration;
			buildSettings = {
				ALWAYS_SEARCH_USER_PATHS = NO;
				CLANG_ANALYZER_NONNULL = YES;
				CLANG_ANALYZER_NUMBER_OBJECT_CONVERSION = YES_AGGRESSIVE;
				CLANG_CXX_LANGUAGE_STANDARD = "gnu++14";
				CLANG_CXX_LIBRARY = "libc++";
				CLANG_ENABLE_MODULES = YES;
				CLANG_ENABLE_OBJC_ARC = YES;
				CLANG_WARN_BLOCK_CAPTURE_AUTORELEASING = YES;
				CLANG_WARN_BOOL_CONVERSION = YES;
				CLANG_WARN_COMMA = YES;
				CLANG_WARN_CONSTANT_CONVERSION = YES;
				CLANG_WARN_DIRECT_OBJC_ISA_USAGE = YES_ERROR;
				CLANG_WARN_DOCUMENTATION_COMMENTS = YES;
				CLANG_WARN_EMPTY_BODY = YES;
				CLANG_WARN_ENUM_CONVERSION = YES;
				CLANG_WARN_INFINITE_RECURSION = YES;
				CLANG_WARN_INT_CONVERSION = YES;
				CLANG_WARN_NON_LITERAL_NULL_CONVERSION = YES;
				CLANG_WARN_OBJC_LITERAL_CONVERSION = YES;
				CLANG_WARN_OBJC_ROOT_CLASS = YES_ERROR;
				CLANG_WARN_RANGE_LOOP_ANALYSIS = YES;
				CLANG_WARN_STRICT_PROTOTYPES = YES;
				CLANG_WARN_SUSPICIOUS_MOVE = YES;
				CLANG_WARN_UNGUARDED_AVAILABILITY = YES_AGGRESSIVE;
				CLANG_WARN_UNREACHABLE_CODE = YES;
				CLANG_WARN__DUPLICATE_METHOD_MATCH = YES;
				CODE_SIGN_IDENTITY = "iPhone Developer";
				COPY_PHASE_STRIP = NO;
				DEBUG_INFORMATION_FORMAT = dwarf;
				ENABLE_STRICT_OBJC_MSGSEND = YES;
				ENABLE_TESTABILITY = YES;
				GCC_C_LANGUAGE_STANDARD = gnu11;
				GCC_DYNAMIC_NO_PIC = NO;
				GCC_NO_COMMON_BLOCKS = YES;
				GCC_OPTIMIZATION_LEVEL = 0;
				GCC_PREPROCESSOR_DEFINITIONS = (
					"DEBUG=1",
					"$(inherited)",
				);
				GCC_WARN_64_TO_32_BIT_CONVERSION = YES;
				GCC_WARN_ABOUT_RETURN_TYPE = YES_ERROR;
				GCC_WARN_UNDECLARED_SELECTOR = YES;
				GCC_WARN_UNINITIALIZED_AUTOS = YES_AGGRESSIVE;
				GCC_WARN_UNUSED_FUNCTION = YES;
				GCC_WARN_UNUSED_VARIABLE = YES;
				IPHONEOS_DEPLOYMENT_TARGET = 11.2;
				MTL_ENABLE_DEBUG_INFO = YES;
				ONLY_ACTIVE_ARCH = YES;
				SDKROOT = iphoneos;
				SWIFT_ACTIVE_COMPILATION_CONDITIONS = DEBUG;
				SWIFT_OPTIMIZATION_LEVEL = "-Onone";
			};
			name = Debug;
		};
		8E94677520891332002A4EF1 /* Release */ = {
			isa = XCBuildConfiguration;
			buildSettings = {
				ALWAYS_SEARCH_USER_PATHS = NO;
				CLANG_ANALYZER_NONNULL = YES;
				CLANG_ANALYZER_NUMBER_OBJECT_CONVERSION = YES_AGGRESSIVE;
				CLANG_CXX_LANGUAGE_STANDARD = "gnu++14";
				CLANG_CXX_LIBRARY = "libc++";
				CLANG_ENABLE_MODULES = YES;
				CLANG_ENABLE_OBJC_ARC = YES;
				CLANG_WARN_BLOCK_CAPTURE_AUTORELEASING = YES;
				CLANG_WARN_BOOL_CONVERSION = YES;
				CLANG_WARN_COMMA = YES;
				CLANG_WARN_CONSTANT_CONVERSION = YES;
				CLANG_WARN_DIRECT_OBJC_ISA_USAGE = YES_ERROR;
				CLANG_WARN_DOCUMENTATION_COMMENTS = YES;
				CLANG_WARN_EMPTY_BODY = YES;
				CLANG_WARN_ENUM_CONVERSION = YES;
				CLANG_WARN_INFINITE_RECURSION = YES;
				CLANG_WARN_INT_CONVERSION = YES;
				CLANG_WARN_NON_LITERAL_NULL_CONVERSION = YES;
				CLANG_WARN_OBJC_LITERAL_CONVERSION = YES;
				CLANG_WARN_OBJC_ROOT_CLASS = YES_ERROR;
				CLANG_WARN_RANGE_LOOP_ANALYSIS = YES;
				CLANG_WARN_STRICT_PROTOTYPES = YES;
				CLANG_WARN_SUSPICIOUS_MOVE = YES;
				CLANG_WARN_UNGUARDED_AVAILABILITY = YES_AGGRESSIVE;
				CLANG_WARN_UNREACHABLE_CODE = YES;
				CLANG_WARN__DUPLICATE_METHOD_MATCH = YES;
				CODE_SIGN_IDENTITY = "iPhone Developer";
				COPY_PHASE_STRIP = NO;
				DEBUG_INFORMATION_FORMAT = "dwarf-with-dsym";
				ENABLE_NS_ASSERTIONS = NO;
				ENABLE_STRICT_OBJC_MSGSEND = YES;
				GCC_C_LANGUAGE_STANDARD = gnu11;
				GCC_NO_COMMON_BLOCKS = YES;
				GCC_WARN_64_TO_32_BIT_CONVERSION = YES;
				GCC_WARN_ABOUT_RETURN_TYPE = YES_ERROR;
				GCC_WARN_UNDECLARED_SELECTOR = YES;
				GCC_WARN_UNINITIALIZED_AUTOS = YES_AGGRESSIVE;
				GCC_WARN_UNUSED_FUNCTION = YES;
				GCC_WARN_UNUSED_VARIABLE = YES;
				IPHONEOS_DEPLOYMENT_TARGET = 11.2;
				MTL_ENABLE_DEBUG_INFO = NO;
				SDKROOT = iphoneos;
				SWIFT_OPTIMIZATION_LEVEL = "-Owholemodule";
				VALIDATE_PRODUCT = YES;
			};
			name = Release;
		};
		8E94677720891332002A4EF1 /* Debug */ = {
			isa = XCBuildConfiguration;
			buildSettings = {
				ASSETCATALOG_COMPILER_APPICON_NAME = AppIcon;
				CODE_SIGN_STYLE = Automatic;
				INFOPLIST_FILE = NailFinder2/Info.plist;
				LD_RUNPATH_SEARCH_PATHS = "$(inherited) @executable_path/Frameworks";
				PRODUCT_BUNDLE_IDENTIFIER = "com.snow-bro.NailFinder2";
				PRODUCT_NAME = "$(TARGET_NAME)";
				SWIFT_VERSION = 4.0;
				TARGETED_DEVICE_FAMILY = "1,2";
			};
			name = Debug;
		};
		8E94677820891332002A4EF1 /* Release */ = {
			isa = XCBuildConfiguration;
			buildSettings = {
				ASSETCATALOG_COMPILER_APPICON_NAME = AppIcon;
				CODE_SIGN_STYLE = Automatic;
				INFOPLIST_FILE = NailFinder2/Info.plist;
				LD_RUNPATH_SEARCH_PATHS = "$(inherited) @executable_path/Frameworks";
				PRODUCT_BUNDLE_IDENTIFIER = "com.snow-bro.NailFinder2";
				PRODUCT_NAME = "$(TARGET_NAME)";
				SWIFT_VERSION = 4.0;
				TARGETED_DEVICE_FAMILY = "1,2";
			};
			name = Release;
		};
		8E94677A20891332002A4EF1 /* Debug */ = {
			isa = XCBuildConfiguration;
			buildSettings = {
				ALWAYS_EMBED_SWIFT_STANDARD_LIBRARIES = YES;
				BUNDLE_LOADER = "$(TEST_HOST)";
				CODE_SIGN_STYLE = Automatic;
				INFOPLIST_FILE = NailFinder2Tests/Info.plist;
				LD_RUNPATH_SEARCH_PATHS = "$(inherited) @executable_path/Frameworks @loader_path/Frameworks";
				PRODUCT_BUNDLE_IDENTIFIER = "com.snow-bro.NailFinder2Tests";
				PRODUCT_NAME = "$(TARGET_NAME)";
				SWIFT_VERSION = 4.0;
				TARGETED_DEVICE_FAMILY = "1,2";
				TEST_HOST = "$(BUILT_PRODUCTS_DIR)/NailFinder2.app/NailFinder2";
			};
			name = Debug;
		};
		8E94677B20891332002A4EF1 /* Release */ = {
			isa = XCBuildConfiguration;
			buildSettings = {
				ALWAYS_EMBED_SWIFT_STANDARD_LIBRARIES = YES;
				BUNDLE_LOADER = "$(TEST_HOST)";
				CODE_SIGN_STYLE = Automatic;
				INFOPLIST_FILE = NailFinder2Tests/Info.plist;
				LD_RUNPATH_SEARCH_PATHS = "$(inherited) @executable_path/Frameworks @loader_path/Frameworks";
				PRODUCT_BUNDLE_IDENTIFIER = "com.snow-bro.NailFinder2Tests";
				PRODUCT_NAME = "$(TARGET_NAME)";
				SWIFT_VERSION = 4.0;
				TARGETED_DEVICE_FAMILY = "1,2";
				TEST_HOST = "$(BUILT_PRODUCTS_DIR)/NailFinder2.app/NailFinder2";
			};
			name = Release;
		};
		8E94677D20891332002A4EF1 /* Debug */ = {
			isa = XCBuildConfiguration;
			buildSettings = {
				ALWAYS_EMBED_SWIFT_STANDARD_LIBRARIES = YES;
				CODE_SIGN_STYLE = Automatic;
				INFOPLIST_FILE = NailFinder2UITests/Info.plist;
				LD_RUNPATH_SEARCH_PATHS = "$(inherited) @executable_path/Frameworks @loader_path/Frameworks";
				PRODUCT_BUNDLE_IDENTIFIER = "com.snow-bro.NailFinder2UITests";
				PRODUCT_NAME = "$(TARGET_NAME)";
				SWIFT_VERSION = 4.0;
				TARGETED_DEVICE_FAMILY = "1,2";
				TEST_TARGET_NAME = NailFinder2;
			};
			name = Debug;
		};
		8E94677E20891332002A4EF1 /* Release */ = {
			isa = XCBuildConfiguration;
			buildSettings = {
				ALWAYS_EMBED_SWIFT_STANDARD_LIBRARIES = YES;
				CODE_SIGN_STYLE = Automatic;
				INFOPLIST_FILE = NailFinder2UITests/Info.plist;
				LD_RUNPATH_SEARCH_PATHS = "$(inherited) @executable_path/Frameworks @loader_path/Frameworks";
				PRODUCT_BUNDLE_IDENTIFIER = "com.snow-bro.NailFinder2UITests";
				PRODUCT_NAME = "$(TARGET_NAME)";
				SWIFT_VERSION = 4.0;
				TARGETED_DEVICE_FAMILY = "1,2";
				TEST_TARGET_NAME = NailFinder2;
			};
			name = Release;
		};
/* End XCBuildConfiguration section */

/* Begin XCConfigurationList section */
		8E94674920891332002A4EF1 /* Build configuration list for PBXProject "NailFinder2" */ = {
			isa = XCConfigurationList;
			buildConfigurations = (
				8E94677420891332002A4EF1 /* Debug */,
				8E94677520891332002A4EF1 /* Release */,
			);
			defaultConfigurationIsVisible = 0;
			defaultConfigurationName = Release;
		};
		8E94677620891332002A4EF1 /* Build configuration list for PBXNativeTarget "NailFinder2" */ = {
			isa = XCConfigurationList;
			buildConfigurations = (
				8E94677720891332002A4EF1 /* Debug */,
				8E94677820891332002A4EF1 /* Release */,
			);
			defaultConfigurationIsVisible = 0;
			defaultConfigurationName = Release;
		};
		8E94677920891332002A4EF1 /* Build configuration list for PBXNativeTarget "NailFinder2Tests" */ = {
			isa = XCConfigurationList;
			buildConfigurations = (
				8E94677A20891332002A4EF1 /* Debug */,
				8E94677B20891332002A4EF1 /* Release */,
			);
			defaultConfigurationIsVisible = 0;
			defaultConfigurationName = Release;
		};
		8E94677C20891332002A4EF1 /* Build configuration list for PBXNativeTarget "NailFinder2UITests" */ = {
			isa = XCConfigurationList;
			buildConfigurations = (
				8E94677D20891332002A4EF1 /* Debug */,
				8E94677E20891332002A4EF1 /* Release */,
			);
			defaultConfigurationIsVisible = 0;
			defaultConfigurationName = Release;
		};
/* End XCConfigurationList section */
	};
	rootObject = 8E94674620891332002A4EF1 /* Project object */;
}
