// !$*UTF8*$!
{
	archiveVersion = 1;
	classes = {
	};
	objectVersion = 48;
	objects = {

/* Begin PBXBuildFile section */
		237B96C1F3E981B56AFDDCF4 /* Pods_NailFinder2UITests.framework in Frameworks */ = {isa = PBXBuildFile; fileRef = 91A555DAB73A5292F7F71625 /* Pods_NailFinder2UITests.framework */; };
		3E550F39B2604E24EF7D1675 /* Pods_NailFinder2Tests.framework in Frameworks */ = {isa = PBXBuildFile; fileRef = C97AA6369CD00D919C3D95C6 /* Pods_NailFinder2Tests.framework */; };
		8E94675220891332002A4EF1 /* AppDelegate.swift in Sources */ = {isa = PBXBuildFile; fileRef = 8E94675120891332002A4EF1 /* AppDelegate.swift */; };
		8E94675420891332002A4EF1 /* ViewController.swift in Sources */ = {isa = PBXBuildFile; fileRef = 8E94675320891332002A4EF1 /* ViewController.swift */; };
		8E94675720891332002A4EF1 /* Main.storyboard in Resources */ = {isa = PBXBuildFile; fileRef = 8E94675520891332002A4EF1 /* Main.storyboard */; };
		8E94675920891332002A4EF1 /* Assets.xcassets in Resources */ = {isa = PBXBuildFile; fileRef = 8E94675820891332002A4EF1 /* Assets.xcassets */; };
		8E94675C20891332002A4EF1 /* LaunchScreen.storyboard in Resources */ = {isa = PBXBuildFile; fileRef = 8E94675A20891332002A4EF1 /* LaunchScreen.storyboard */; };
		8E94676720891332002A4EF1 /* NailFinder2Tests.swift in Sources */ = {isa = PBXBuildFile; fileRef = 8E94676620891332002A4EF1 /* NailFinder2Tests.swift */; };
		8E94677220891332002A4EF1 /* NailFinder2UITests.swift in Sources */ = {isa = PBXBuildFile; fileRef = 8E94677120891332002A4EF1 /* NailFinder2UITests.swift */; };
		8E946780208913A7002A4EF1 /* GoogleService-Info.plist in Resources */ = {isa = PBXBuildFile; fileRef = 8E94677F208913A6002A4EF1 /* GoogleService-Info.plist */; };
		8E94678220892A28002A4EF1 /* ChuViewController.swift in Sources */ = {isa = PBXBuildFile; fileRef = 8E94678120892A28002A4EF1 /* ChuViewController.swift */; };
		8E946786208945AF002A4EF1 /* DriverTableViewController.swift in Sources */ = {isa = PBXBuildFile; fileRef = 8E946785208945AF002A4EF1 /* DriverTableViewController.swift */; };
		8E946788208958AD002A4EF1 /* AcceptRequestViewController.swift in Sources */ = {isa = PBXBuildFile; fileRef = 8E946787208958AD002A4EF1 /* AcceptRequestViewController.swift */; };
		E443951715560830F69B57DF /* Pods_NailFinder2.framework in Frameworks */ = {isa = PBXBuildFile; fileRef = 5AD2C68C93F3F474927D0FEF /* Pods_NailFinder2.framework */; };
/* End PBXBuildFile section */

/* Begin PBXContainerItemProxy section */
		8E94676320891332002A4EF1 /* PBXContainerItemProxy */ = {
			isa = PBXContainerItemProxy;
			containerPortal = 8E94674620891332002A4EF1 /* Project object */;
			proxyType = 1;
			remoteGlobalIDString = 8E94674D20891332002A4EF1;
			remoteInfo = NailFinder2;
		};
		8E94676E20891332002A4EF1 /* PBXContainerItemProxy */ = {
			isa = PBXContainerItemProxy;
			containerPortal = 8E94674620891332002A4EF1 /* Project object */;
			proxyType = 1;
			remoteGlobalIDString = 8E94674D20891332002A4EF1;
			remoteInfo = NailFinder2;
		};
/* End PBXContainerItemProxy section */

/* Begin PBXFileReference section */
		1989088403213A850872245B /* Pods-NailFinder2UITests.debug.xcconfig */ = {isa = PBXFileReference; includeInIndex = 1; lastKnownFileType = text.xcconfig; name = "Pods-NailFinder2UITests.debug.xcconfig"; path = "Pods/Target Support Files/Pods-NailFinder2UITests/Pods-NailFinder2UITests.debug.xcconfig"; sourceTree = "<group>"; };
		52328DBED372930A3C0F7DB0 /* Pods-NailFinder2Tests.debug.xcconfig */ = {isa = PBXFileReference; includeInIndex = 1; lastKnownFileType = text.xcconfig; name = "Pods-NailFinder2Tests.debug.xcconfig"; path = "Pods/Target Support Files/Pods-NailFinder2Tests/Pods-NailFinder2Tests.debug.xcconfig"; sourceTree = "<group>"; };
		5AD2C68C93F3F474927D0FEF /* Pods_NailFinder2.framework */ = {isa = PBXFileReference; explicitFileType = wrapper.framework; includeInIndex = 0; path = Pods_NailFinder2.framework; sourceTree = BUILT_PRODUCTS_DIR; };
		7041835F10A721FDB244EE07 /* Pods-NailFinder2Tests.release.xcconfig */ = {isa = PBXFileReference; includeInIndex = 1; lastKnownFileType = text.xcconfig; name = "Pods-NailFinder2Tests.release.xcconfig"; path = "Pods/Target Support Files/Pods-NailFinder2Tests/Pods-NailFinder2Tests.release.xcconfig"; sourceTree = "<group>"; };
		7FE00DBA4A40C041E79FB0CC /* Pods-NailFinder2.debug.xcconfig */ = {isa = PBXFileReference; includeInIndex = 1; lastKnownFileType = text.xcconfig; name = "Pods-NailFinder2.debug.xcconfig"; path = "Pods/Target Support Files/Pods-NailFinder2/Pods-NailFinder2.debug.xcconfig"; sourceTree = "<group>"; };
		87663C1112236F06A3817261 /* Pods-NailFinder2UITests.release.xcconfig */ = {isa = PBXFileReference; includeInIndex = 1; lastKnownFileType = text.xcconfig; name = "Pods-NailFinder2UITests.release.xcconfig"; path = "Pods/Target Support Files/Pods-NailFinder2UITests/Pods-NailFinder2UITests.release.xcconfig"; sourceTree = "<group>"; };
		8E94674E20891332002A4EF1 /* NailFinder2.app */ = {isa = PBXFileReference; explicitFileType = wrapper.application; includeInIndex = 0; path = NailFinder2.app; sourceTree = BUILT_PRODUCTS_DIR; };
		8E94675120891332002A4EF1 /* AppDelegate.swift */ = {isa = PBXFileReference; lastKnownFileType = sourcecode.swift; path = AppDelegate.swift; sourceTree = "<group>"; };
		8E94675320891332002A4EF1 /* ViewController.swift */ = {isa = PBXFileReference; lastKnownFileType = sourcecode.swift; path = ViewController.swift; sourceTree = "<group>"; };
		8E94675620891332002A4EF1 /* Base */ = {isa = PBXFileReference; lastKnownFileType = file.storyboard; name = Base; path = Base.lproj/Main.storyboard; sourceTree = "<group>"; };
		8E94675820891332002A4EF1 /* Assets.xcassets */ = {isa = PBXFileReference; lastKnownFileType = folder.assetcatalog; path = Assets.xcassets; sourceTree = "<group>"; };
		8E94675B20891332002A4EF1 /* Base */ = {isa = PBXFileReference; lastKnownFileType = file.storyboard; name = Base; path = Base.lproj/LaunchScreen.storyboard; sourceTree = "<group>"; };
		8E94675D20891332002A4EF1 /* Info.plist */ = {isa = PBXFileReference; lastKnownFileType = text.plist.xml; path = Info.plist; sourceTree = "<group>"; };
		8E94676220891332002A4EF1 /* NailFinder2Tests.xctest */ = {isa = PBXFileReference; explicitFileType = wrapper.cfbundle; includeInIndex = 0; path = NailFinder2Tests.xctest; sourceTree = BUILT_PRODUCTS_DIR; };
		8E94676620891332002A4EF1 /* NailFinder2Tests.swift */ = {isa = PBXFileReference; lastKnownFileType = sourcecode.swift; path = NailFinder2Tests.swift; sourceTree = "<group>"; };
		8E94676820891332002A4EF1 /* Info.plist */ = {isa = PBXFileReference; lastKnownFileType = text.plist.xml; path = Info.plist; sourceTree = "<group>"; };
		8E94676D20891332002A4EF1 /* NailFinder2UITests.xctest */ = {isa = PBXFileReference; explicitFileType = wrapper.cfbundle; includeInIndex = 0; path = NailFinder2UITests.xctest; sourceTree = BUILT_PRODUCTS_DIR; };
		8E94677120891332002A4EF1 /* NailFinder2UITests.swift */ = {isa = PBXFileReference; lastKnownFileType = sourcecode.swift; path = NailFinder2UITests.swift; sourceTree = "<group>"; };
		8E94677320891332002A4EF1 /* Info.plist */ = {isa = PBXFileReference; lastKnownFileType = text.plist.xml; path = Info.plist; sourceTree = "<group>"; };
		8E94677F208913A6002A4EF1 /* GoogleService-Info.plist */ = {isa = PBXFileReference; fileEncoding = 4; lastKnownFileType = text.plist.xml; path = "GoogleService-Info.plist"; sourceTree = "<group>"; };
		8E94678120892A28002A4EF1 /* ChuViewController.swift */ = {isa = PBXFileReference; lastKnownFileType = sourcecode.swift; path = ChuViewController.swift; sourceTree = "<group>"; };
		8E946785208945AF002A4EF1 /* DriverTableViewController.swift */ = {isa = PBXFileReference; lastKnownFileType = sourcecode.swift; path = DriverTableViewController.swift; sourceTree = "<group>"; };
		8E946787208958AD002A4EF1 /* AcceptRequestViewController.swift */ = {isa = PBXFileReference; lastKnownFileType = sourcecode.swift; path = AcceptRequestViewController.swift; sourceTree = "<group>"; };
		91A555DAB73A5292F7F71625 /* Pods_NailFinder2UITests.framework */ = {isa = PBXFileReference; explicitFileType = wrapper.framework; includeInIndex = 0; path = Pods_NailFinder2UITests.framework; sourceTree = BUILT_PRODUCTS_DIR; };
		C97AA6369CD00D919C3D95C6 /* Pods_NailFinder2Tests.framework */ = {isa = PBXFileReference; explicitFileType = wrapper.framework; includeInIndex = 0; path = Pods_NailFinder2Tests.framework; sourceTree = BUILT_PRODUCTS_DIR; };
		EB6134298E02D12CC2C5AE50 /* Pods-NailFinder2.release.xcconfig */ = {isa = PBXFileReference; includeInIndex = 1; lastKnownFileType = text.xcconfig; name = "Pods-NailFinder2.release.xcconfig"; path = "Pods/Target Support Files/Pods-NailFinder2/Pods-NailFinder2.release.xcconfig"; sourceTree = "<group>"; };
/* End PBXFileReference section */

/* Begin PBXFrameworksBuildPhase section */
		8E94674B20891332002A4EF1 /* Frameworks */ = {
			isa = PBXFrameworksBuildPhase;
			buildActionMask = 2147483647;
			files = (
				E443951715560830F69B57DF /* Pods_NailFinder2.framework in Frameworks */,
			);
			runOnlyForDeploymentPostprocessing = 0;
		};
		8E94675F20891332002A4EF1 /* Frameworks */ = {
			isa = PBXFrameworksBuildPhase;
			buildActionMask = 2147483647;
			files = (
				3E550F39B2604E24EF7D1675 /* Pods_NailFinder2Tests.framework in Frameworks */,
			);
			runOnlyForDeploymentPostprocessing = 0;
		};
		8E94676A20891332002A4EF1 /* Frameworks */ = {
			isa = PBXFrameworksBuildPhase;
			buildActionMask = 2147483647;
			files = (
				237B96C1F3E981B56AFDDCF4 /* Pods_NailFinder2UITests.framework in Frameworks */,
			);
			runOnlyForDeploymentPostprocessing = 0;
		};
/* End PBXFrameworksBuildPhase section */

/* Begin PBXGroup section */
		67148CDF77FCB7764F23AB00 /* Pods */ = {
			isa = PBXGroup;
			children = (
				7FE00DBA4A40C041E79FB0CC /* Pods-NailFinder2.debug.xcconfig */,
				EB6134298E02D12CC2C5AE50 /* Pods-NailFinder2.release.xcconfig */,
				52328DBED372930A3C0F7DB0 /* Pods-NailFinder2Tests.debug.xcconfig */,
				7041835F10A721FDB244EE07 /* Pods-NailFinder2Tests.release.xcconfig */,
				1989088403213A850872245B /* Pods-NailFinder2UITests.debug.xcconfig */,
				87663C1112236F06A3817261 /* Pods-NailFinder2UITests.release.xcconfig */,
			);
			name = Pods;
			sourceTree = "<group>";
		};
		8E94674520891332002A4EF1 = {
			isa = PBXGroup;
			children = (
				8E94675020891332002A4EF1 /* NailFinder2 */,
				8E94676520891332002A4EF1 /* NailFinder2Tests */,
				8E94677020891332002A4EF1 /* NailFinder2UITests */,
				8E94674F20891332002A4EF1 /* Products */,
				67148CDF77FCB7764F23AB00 /* Pods */,
				9996C25ECFEFB3EEAF197924 /* Frameworks */,
			);
			sourceTree = "<group>";
		};
		8E94674F20891332002A4EF1 /* Products */ = {
			isa = PBXGroup;
			children = (
				8E94674E20891332002A4EF1 /* NailFinder2.app */,
				8E94676220891332002A4EF1 /* NailFinder2Tests.xctest */,
				8E94676D20891332002A4EF1 /* NailFinder2UITests.xctest */,
			);
			name = Products;
			sourceTree = "<group>";
		};
		8E94675020891332002A4EF1 /* NailFinder2 */ = {
			isa = PBXGroup;
			children = (
				8E94675120891332002A4EF1 /* AppDelegate.swift */,
				8E94675320891332002A4EF1 /* ViewController.swift */,
				8E94678120892A28002A4EF1 /* ChuViewController.swift */,
				8E946785208945AF002A4EF1 /* DriverTableViewController.swift */,
				8E946787208958AD002A4EF1 /* AcceptRequestViewController.swift */,
				8E94675520891332002A4EF1 /* Main.storyboard */,
				8E94675820891332002A4EF1 /* Assets.xcassets */,
				8E94675A20891332002A4EF1 /* LaunchScreen.storyboard */,
				8E94675D20891332002A4EF1 /* Info.plist */,
				8E94677F208913A6002A4EF1 /* GoogleService-Info.plist */,
			);
			path = NailFinder2;
			sourceTree = "<group>";
		};
		8E94676520891332002A4EF1 /* NailFinder2Tests */ = {
			isa = PBXGroup;
			children = (
				8E94676620891332002A4EF1 /* NailFinder2Tests.swift */,
				8E94676820891332002A4EF1 /* Info.plist */,
			);
			path = NailFinder2Tests;
			sourceTree = "<group>";
		};
		8E94677020891332002A4EF1 /* NailFinder2UITests */ = {
			isa = PBXGroup;
			children = (
				8E94677120891332002A4EF1 /* NailFinder2UITests.swift */,
				8E94677320891332002A4EF1 /* Info.plist */,
			);
			path = NailFinder2UITests;
			sourceTree = "<group>";
		};
		9996C25ECFEFB3EEAF197924 /* Frameworks */ = {
			isa = PBXGroup;
			children = (
				5AD2C68C93F3F474927D0FEF /* Pods_NailFinder2.framework */,
				C97AA6369CD00D919C3D95C6 /* Pods_NailFinder2Tests.framework */,
				91A555DAB73A5292F7F71625 /* Pods_NailFinder2UITests.framework */,
			);
			name = Frameworks;
			sourceTree = "<group>";
		};
/* End PBXGroup section */

/* Begin PBXNativeTarget section */
		8E94674D20891332002A4EF1 /* NailFinder2 */ = {
			isa = PBXNativeTarget;
			buildConfigurationList = 8E94677620891332002A4EF1 /* Build configuration list for PBXNativeTarget "NailFinder2" */;
			buildPhases = (
				44D00A2102C6CAAFA034DB95 /* [CP] Check Pods Manifest.lock */,
				8E94674A20891332002A4EF1 /* Sources */,
				8E94674B20891332002A4EF1 /* Frameworks */,
				8E94674C20891332002A4EF1 /* Resources */,
				C4CF1145D9ED665C129BC115 /* [CP] Embed Pods Frameworks */,
				53DBFD74C532E09DC5EBF98C /* [CP] Copy Pods Resources */,
			);
			buildRules = (
			);
			dependencies = (
			);
			name = NailFinder2;
			productName = NailFinder2;
			productReference = 8E94674E20891332002A4EF1 /* NailFinder2.app */;
			productType = "com.apple.product-type.application";
		};
		8E94676120891332002A4EF1 /* NailFinder2Tests */ = {
			isa = PBXNativeTarget;
			buildConfigurationList = 8E94677920891332002A4EF1 /* Build configuration list for PBXNativeTarget "NailFinder2Tests" */;
			buildPhases = (
				869BD41FA0F504F41834BB51 /* [CP] Check Pods Manifest.lock */,
				8E94675E20891332002A4EF1 /* Sources */,
				8E94675F20891332002A4EF1 /* Frameworks */,
				8E94676020891332002A4EF1 /* Resources */,
				3347EBFDD8989927A159F3A2 /* [CP] Embed Pods Frameworks */,
				90732E94E69467849AF2F3E1 /* [CP] Copy Pods Resources */,
			);
			buildRules = (
			);
			dependencies = (
				8E94676420891332002A4EF1 /* PBXTargetDependency */,
			);
			name = NailFinder2Tests;
			productName = NailFinder2Tests;
			productReference = 8E94676220891332002A4EF1 /* NailFinder2Tests.xctest */;
			productType = "com.apple.product-type.bundle.unit-test";
		};
		8E94676C20891332002A4EF1 /* NailFinder2UITests */ = {
			isa = PBXNativeTarget;
			buildConfigurationList = 8E94677C20891332002A4EF1 /* Build configuration list for PBXNativeTarget "NailFinder2UITests" */;
			buildPhases = (
				E096FBC0A5F9424536C8D8C6 /* [CP] Check Pods Manifest.lock */,
				8E94676920891332002A4EF1 /* Sources */,
				8E94676A20891332002A4EF1 /* Frameworks */,
				8E94676B20891332002A4EF1 /* Resources */,
				4028E44F12E84F132FD2D8A8 /* [CP] Embed Pods Frameworks */,
				65D83C62E2B892D8C4F86BA9 /* [CP] Copy Pods Resources */,
			);
			buildRules = (
			);
			dependencies = (
				8E94676F20891332002A4EF1 /* PBXTargetDependency */,
			);
			name = NailFinder2UITests;
			productName = NailFinder2UITests;
			productReference = 8E94676D20891332002A4EF1 /* NailFinder2UITests.xctest */;
			productType = "com.apple.product-type.bundle.ui-testing";
		};
/* End PBXNativeTarget section */

/* Begin PBXProject section */
		8E94674620891332002A4EF1 /* Project object */ = {
			isa = PBXProject;
			attributes = {
				LastSwiftUpdateCheck = 0920;
				LastUpgradeCheck = 0920;
				ORGANIZATIONNAME = "An Nguyen";
				TargetAttributes = {
					8E94674D20891332002A4EF1 = {
						CreatedOnToolsVersion = 9.2;
						ProvisioningStyle = Automatic;
					};
					8E94676120891332002A4EF1 = {
						CreatedOnToolsVersion = 9.2;
						ProvisioningStyle = Automatic;
						TestTargetID = 8E94674D20891332002A4EF1;
					};
					8E94676C20891332002A4EF1 = {
						CreatedOnToolsVersion = 9.2;
						ProvisioningStyle = Automatic;
						TestTargetID = 8E94674D20891332002A4EF1;
					};
				};
			};
			buildConfigurationList = 8E94674920891332002A4EF1 /* Build configuration list for PBXProject "NailFinder2" */;
			compatibilityVersion = "Xcode 8.0";
			developmentRegion = en;
			hasScannedForEncodings = 0;
			knownRegions = (
				en,
				Base,
			);
			mainGroup = 8E94674520891332002A4EF1;
			productRefGroup = 8E94674F20891332002A4EF1 /* Products */;
			projectDirPath = "";
			projectRoot = "";
			targets = (
				8E94674D20891332002A4EF1 /* NailFinder2 */,
				8E94676120891332002A4EF1 /* NailFinder2Tests */,
				8E94676C20891332002A4EF1 /* NailFinder2UITests */,
			);
		};
/* End PBXProject section */

/* Begin PBXResourcesBuildPhase section */
		8E94674C20891332002A4EF1 /* Resources */ = {
			isa = PBXResourcesBuildPhase;
			buildActionMask = 2147483647;
			files = (
				8E94675C20891332002A4EF1 /* LaunchScreen.storyboard in Resources */,
				8E946780208913A7002A4EF1 /* GoogleService-Info.plist in Resources */,
				8E94675920891332002A4EF1 /* Assets.xcassets in Resources */,
				8E94675720891332002A4EF1 /* Main.storyboard in Resources */,
			);
			runOnlyForDeploymentPostprocessing = 0;
		};
		8E94676020891332002A4EF1 /* Resources */ = {
			isa = PBXResourcesBuildPhase;
			buildActionMask = 2147483647;
			files = (
			);
			runOnlyForDeploymentPostprocessing = 0;
		};
		8E94676B20891332002A4EF1 /* Resources */ = {
			isa = PBXResourcesBuildPhase;
			buildActionMask = 2147483647;
			files = (
			);
			runOnlyForDeploymentPostprocessing = 0;
		};
/* End PBXResourcesBuildPhase section */

/* Begin PBXShellScriptBuildPhase section */
		3347EBFDD8989927A159F3A2 /* [CP] Embed Pods Frameworks */ = {
			isa = PBXShellScriptBuildPhase;
			buildActionMask = 2147483647;
			files = (
			);
			inputPaths = (
			);
			name = "[CP] Embed Pods Frameworks";
			outputPaths = (
			);
			runOnlyForDeploymentPostprocessing = 0;
			shellPath = /bin/sh;
			shellScript = "\"${SRCROOT}/Pods/Target Support Files/Pods-NailFinder2Tests/Pods-NailFinder2Tests-frameworks.sh\"\n";
			showEnvVarsInLog = 0;
		};
		4028E44F12E84F132FD2D8A8 /* [CP] Embed Pods Frameworks */ = {
			isa = PBXShellScriptBuildPhase;
			buildActionMask = 2147483647;
			files = (
			);
			inputPaths = (
			);
			name = "[CP] Embed Pods Frameworks";
			outputPaths = (
			);
			runOnlyForDeploymentPostprocessing = 0;
			shellPath = /bin/sh;
			shellScript = "\"${SRCROOT}/Pods/Target Support Files/Pods-NailFinder2UITests/Pods-NailFinder2UITests-frameworks.sh\"\n";
			showEnvVarsInLog = 0;
		};
		44D00A2102C6CAAFA034DB95 /* [CP] Check Pods Manifest.lock */ = {
			isa = PBXShellScriptBuildPhase;
			buildActionMask = 2147483647;
			files = (
			);
			inputPaths = (
				"${PODS_PODFILE_DIR_PATH}/Podfile.lock",
				"${PODS_ROOT}/Manifest.lock",
			);
			name = "[CP] Check Pods Manifest.lock";
			outputPaths = (
				"$(DERIVED_FILE_DIR)/Pods-NailFinder2-checkManifestLockResult.txt",
			);
			runOnlyForDeploymentPostprocessing = 0;
			shellPath = /bin/sh;
			shellScript = "diff \"${PODS_PODFILE_DIR_PATH}/Podfile.lock\" \"${PODS_ROOT}/Manifest.lock\" > /dev/null\nif [ $? != 0 ] ; then\n    # print error to STDERR\n    echo \"error: The sandbox is not in sync with the Podfile.lock. Run 'pod install' or update your CocoaPods installation.\" >&2\n    exit 1\nfi\n# This output is used by Xcode 'outputs' to avoid re-running this script phase.\necho \"SUCCESS\" > \"${SCRIPT_OUTPUT_FILE_0}\"\n";
			showEnvVarsInLog = 0;
		};
		53DBFD74C532E09DC5EBF98C /* [CP] Copy Pods Resources */ = {
			isa = PBXShellScriptBuildPhase;
			buildActionMask = 2147483647;
			files = (
			);
			inputPaths = (
			);
			name = "[CP] Copy Pods Resources";
			outputPaths = (
			);
			runOnlyForDeploymentPostprocessing = 0;
			shellPath = /bin/sh;
			shellScript = "\"${SRCROOT}/Pods/Target Support Files/Pods-NailFinder2/Pods-NailFinder2-resources.sh\"\n";
			showEnvVarsInLog = 0;
		};
		65D83C62E2B892D8C4F86BA9 /* [CP] Copy Pods Resources */ = {
			isa = PBXShellScriptBuildPhase;
			buildActionMask = 2147483647;
			files = (
			);
			inputPaths = (
			);
			name = "[CP] Copy Pods Resources";
			outputPaths = (
			);
			runOnlyForDeploymentPostprocessing = 0;
			shellPath = /bin/sh;
			shellScript = "\"${SRCROOT}/Pods/Target Support Files/Pods-NailFinder2UITests/Pods-NailFinder2UITests-resources.sh\"\n";
			showEnvVarsInLog = 0;
		};
		869BD41FA0F504F41834BB51 /* [CP] Check Pods Manifest.lock */ = {
			isa = PBXShellScriptBuildPhase;
			buildActionMask = 2147483647;
			files = (
			);
			inputPaths = (
				"${PODS_PODFILE_DIR_PATH}/Podfile.lock",
				"${PODS_ROOT}/Manifest.lock",
			);
			name = "[CP] Check Pods Manifest.lock";
			outputPaths = (
				"$(DERIVED_FILE_DIR)/Pods-NailFinder2Tests-checkManifestLockResult.txt",
			);
			runOnlyForDeploymentPostprocessing = 0;
			shellPath = /bin/sh;
			shellScript = "diff \"${PODS_PODFILE_DIR_PATH}/Podfile.lock\" \"${PODS_ROOT}/Manifest.lock\" > /dev/null\nif [ $? != 0 ] ; then\n    # print error to STDERR\n    echo \"error: The sandbox is not in sync with the Podfile.lock. Run 'pod install' or update your CocoaPods installation.\" >&2\n    exit 1\nfi\n# This output is used by Xcode 'outputs' to avoid re-running this script phase.\necho \"SUCCESS\" > \"${SCRIPT_OUTPUT_FILE_0}\"\n";
			showEnvVarsInLog = 0;
		};
		90732E94E69467849AF2F3E1 /* [CP] Copy Pods Resources */ = {
			isa = PBXShellScriptBuildPhase;
			buildActionMask = 2147483647;
			files = (
			);
			inputPaths = (
			);
			name = "[CP] Copy Pods Resources";
			outputPaths = (
			);
			runOnlyForDeploymentPostprocessing = 0;
			shellPath = /bin/sh;
			shellScript = "\"${SRCROOT}/Pods/Target Support Files/Pods-NailFinder2Tests/Pods-NailFinder2Tests-resources.sh\"\n";
			showEnvVarsInLog = 0;
		};
		C4CF1145D9ED665C129BC115 /* [CP] Embed Pods Frameworks */ = {
			isa = PBXShellScriptBuildPhase;
			buildActionMask = 2147483647;
			files = (
			);
			inputPaths = (
				"${SRCROOT}/Pods/Target Support Files/Pods-NailFinder2/Pods-NailFinder2-frameworks.sh",
				"${BUILT_PRODUCTS_DIR}/GTMSessionFetcher/GTMSessionFetcher.framework",
				"${BUILT_PRODUCTS_DIR}/GoogleToolboxForMac/GoogleToolboxForMac.framework",
				"${BUILT_PRODUCTS_DIR}/leveldb-library/leveldb.framework",
				"${BUILT_PRODUCTS_DIR}/nanopb/nanopb.framework",
			);
			name = "[CP] Embed Pods Frameworks";
			outputPaths = (
				"${TARGET_BUILD_DIR}/${FRAMEWORKS_FOLDER_PATH}/GTMSessionFetcher.framework",
				"${TARGET_BUILD_DIR}/${FRAMEWORKS_FOLDER_PATH}/GoogleToolboxForMac.framework",
				"${TARGET_BUILD_DIR}/${FRAMEWORKS_FOLDER_PATH}/leveldb.framework",
				"${TARGET_BUILD_DIR}/${FRAMEWORKS_FOLDER_PATH}/nanopb.framework",
			);
			runOnlyForDeploymentPostprocessing = 0;
			shellPath = /bin/sh;
			shellScript = "\"${SRCROOT}/Pods/Target Support Files/Pods-NailFinder2/Pods-NailFinder2-frameworks.sh\"\n";
			showEnvVarsInLog = 0;
		};
		E096FBC0A5F9424536C8D8C6 /* [CP] Check Pods Manifest.lock */ = {
			isa = PBXShellScriptBuildPhase;
			buildActionMask = 2147483647;
			files = (
			);
			inputPaths = (
				"${PODS_PODFILE_DIR_PATH}/Podfile.lock",
				"${PODS_ROOT}/Manifest.lock",
			);
			name = "[CP] Check Pods Manifest.lock";
			outputPaths = (
				"$(DERIVED_FILE_DIR)/Pods-NailFinder2UITests-checkManifestLockResult.txt",
			);
			runOnlyForDeploymentPostprocessing = 0;
			shellPath = /bin/sh;
			shellScript = "diff \"${PODS_PODFILE_DIR_PATH}/Podfile.lock\" \"${PODS_ROOT}/Manifest.lock\" > /dev/null\nif [ $? != 0 ] ; then\n    # print error to STDERR\n    echo \"error: The sandbox is not in sync with the Podfile.lock. Run 'pod install' or update your CocoaPods installation.\" >&2\n    exit 1\nfi\n# This output is used by Xcode 'outputs' to avoid re-running this script phase.\necho \"SUCCESS\" > \"${SCRIPT_OUTPUT_FILE_0}\"\n";
			showEnvVarsInLog = 0;
		};
/* End PBXShellScriptBuildPhase section */

/* Begin PBXSourcesBuildPhase section */
		8E94674A20891332002A4EF1 /* Sources */ = {
			isa = PBXSourcesBuildPhase;
			buildActionMask = 2147483647;
			files = (
				8E94675420891332002A4EF1 /* ViewController.swift in Sources */,
				8E946786208945AF002A4EF1 /* DriverTableViewController.swift in Sources */,
				8E94675220891332002A4EF1 /* AppDelegate.swift in Sources */,
				8E94678220892A28002A4EF1 /* ChuViewController.swift in Sources */,
				8E946788208958AD002A4EF1 /* AcceptRequestViewController.swift in Sources */,
			);
			runOnlyForDeploymentPostprocessing = 0;
		};
		8E94675E20891332002A4EF1 /* Sources */ = {
			isa = PBXSourcesBuildPhase;
			buildActionMask = 2147483647;
			files = (
				8E94676720891332002A4EF1 /* NailFinder2Tests.swift in Sources */,
			);
			runOnlyForDeploymentPostprocessing = 0;
		};
		8E94676920891332002A4EF1 /* Sources */ = {
			isa = PBXSourcesBuildPhase;
			buildActionMask = 2147483647;
			files = (
				8E94677220891332002A4EF1 /* NailFinder2UITests.swift in Sources */,
			);
			runOnlyForDeploymentPostprocessing = 0;
		};
/* End PBXSourcesBuildPhase section */

/* Begin PBXTargetDependency section */
		8E94676420891332002A4EF1 /* PBXTargetDependency */ = {
			isa = PBXTargetDependency;
			target = 8E94674D20891332002A4EF1 /* NailFinder2 */;
			targetProxy = 8E94676320891332002A4EF1 /* PBXContainerItemProxy */;
		};
		8E94676F20891332002A4EF1 /* PBXTargetDependency */ = {
			isa = PBXTargetDependency;
			target = 8E94674D20891332002A4EF1 /* NailFinder2 */;
			targetProxy = 8E94676E20891332002A4EF1 /* PBXContainerItemProxy */;
		};
/* End PBXTargetDependency section */

/* Begin PBXVariantGroup section */
		8E94675520891332002A4EF1 /* Main.storyboard */ = {
			isa = PBXVariantGroup;
			children = (
				8E94675620891332002A4EF1 /* Base */,
			);
			name = Main.storyboard;
			sourceTree = "<group>";
		};
		8E94675A20891332002A4EF1 /* LaunchScreen.storyboard */ = {
			isa = PBXVariantGroup;
			children = (
				8E94675B20891332002A4EF1 /* Base */,
			);
			name = LaunchScreen.storyboard;
			sourceTree = "<group>";
		};
/* End PBXVariantGroup section */

/* Begin XCBuildConfiguration section */
		8E94677420891332002A4EF1 /* Debug */ = {
			isa = XCBuildConfiguration;
			buildSettings = {
				ALWAYS_SEARCH_USER_PATHS = NO;
				CLANG_ANALYZER_NONNULL = YES;
				CLANG_ANALYZER_NUMBER_OBJECT_CONVERSION = YES_AGGRESSIVE;
				CLANG_CXX_LANGUAGE_STANDARD = "gnu++14";
				CLANG_CXX_LIBRARY = "libc++";
				CLANG_ENABLE_MODULES = YES;
				CLANG_ENABLE_OBJC_ARC = YES;
				CLANG_WARN_BLOCK_CAPTURE_AUTORELEASING = YES;
				CLANG_WARN_BOOL_CONVERSION = YES;
				CLANG_WARN_COMMA = YES;
				CLANG_WARN_CONSTANT_CONVERSION = YES;
				CLANG_WARN_DIRECT_OBJC_ISA_USAGE = YES_ERROR;
				CLANG_WARN_DOCUMENTATION_COMMENTS = YES;
				CLANG_WARN_EMPTY_BODY = YES;
				CLANG_WARN_ENUM_CONVERSION = YES;
				CLANG_WARN_INFINITE_RECURSION = YES;
				CLANG_WARN_INT_CONVERSION = YES;
				CLANG_WARN_NON_LITERAL_NULL_CONVERSION = YES;
				CLANG_WARN_OBJC_LITERAL_CONVERSION = YES;
				CLANG_WARN_OBJC_ROOT_CLASS = YES_ERROR;
				CLANG_WARN_RANGE_LOOP_ANALYSIS = YES;
				CLANG_WARN_STRICT_PROTOTYPES = YES;
				CLANG_WARN_SUSPICIOUS_MOVE = YES;
				CLANG_WARN_UNGUARDED_AVAILABILITY = YES_AGGRESSIVE;
				CLANG_WARN_UNREACHABLE_CODE = YES;
				CLANG_WARN__DUPLICATE_METHOD_MATCH = YES;
				CODE_SIGN_IDENTITY = "iPhone Developer";
				COPY_PHASE_STRIP = NO;
				DEBUG_INFORMATION_FORMAT = dwarf;
				ENABLE_STRICT_OBJC_MSGSEND = YES;
				ENABLE_TESTABILITY = YES;
				GCC_C_LANGUAGE_STANDARD = gnu11;
				GCC_DYNAMIC_NO_PIC = NO;
				GCC_NO_COMMON_BLOCKS = YES;
				GCC_OPTIMIZATION_LEVEL = 0;
				GCC_PREPROCESSOR_DEFINITIONS = (
					"DEBUG=1",
					"$(inherited)",
				);
				GCC_WARN_64_TO_32_BIT_CONVERSION = YES;
				GCC_WARN_ABOUT_RETURN_TYPE = YES_ERROR;
				GCC_WARN_UNDECLARED_SELECTOR = YES;
				GCC_WARN_UNINITIALIZED_AUTOS = YES_AGGRESSIVE;
				GCC_WARN_UNUSED_FUNCTION = YES;
				GCC_WARN_UNUSED_VARIABLE = YES;
				IPHONEOS_DEPLOYMENT_TARGET = 11.2;
				MTL_ENABLE_DEBUG_INFO = YES;
				ONLY_ACTIVE_ARCH = YES;
				SDKROOT = iphoneos;
				SWIFT_ACTIVE_COMPILATION_CONDITIONS = DEBUG;
				SWIFT_OPTIMIZATION_LEVEL = "-Onone";
			};
			name = Debug;
		};
		8E94677520891332002A4EF1 /* Release */ = {
			isa = XCBuildConfiguration;
			buildSettings = {
				ALWAYS_SEARCH_USER_PATHS = NO;
				CLANG_ANALYZER_NONNULL = YES;
				CLANG_ANALYZER_NUMBER_OBJECT_CONVERSION = YES_AGGRESSIVE;
				CLANG_CXX_LANGUAGE_STANDARD = "gnu++14";
				CLANG_CXX_LIBRARY = "libc++";
				CLANG_ENABLE_MODULES = YES;
				CLANG_ENABLE_OBJC_ARC = YES;
				CLANG_WARN_BLOCK_CAPTURE_AUTORELEASING = YES;
				CLANG_WARN_BOOL_CONVERSION = YES;
				CLANG_WARN_COMMA = YES;
				CLANG_WARN_CONSTANT_CONVERSION = YES;
				CLANG_WARN_DIRECT_OBJC_ISA_USAGE = YES_ERROR;
				CLANG_WARN_DOCUMENTATION_COMMENTS = YES;
				CLANG_WARN_EMPTY_BODY = YES;
				CLANG_WARN_ENUM_CONVERSION = YES;
				CLANG_WARN_INFINITE_RECURSION = YES;
				CLANG_WARN_INT_CONVERSION = YES;
				CLANG_WARN_NON_LITERAL_NULL_CONVERSION = YES;
				CLANG_WARN_OBJC_LITERAL_CONVERSION = YES;
				CLANG_WARN_OBJC_ROOT_CLASS = YES_ERROR;
				CLANG_WARN_RANGE_LOOP_ANALYSIS = YES;
				CLANG_WARN_STRICT_PROTOTYPES = YES;
				CLANG_WARN_SUSPICIOUS_MOVE = YES;
				CLANG_WARN_UNGUARDED_AVAILABILITY = YES_AGGRESSIVE;
				CLANG_WARN_UNREACHABLE_CODE = YES;
				CLANG_WARN__DUPLICATE_METHOD_MATCH = YES;
				CODE_SIGN_IDENTITY = "iPhone Developer";
				COPY_PHASE_STRIP = NO;
				DEBUG_INFORMATION_FORMAT = "dwarf-with-dsym";
				ENABLE_NS_ASSERTIONS = NO;
				ENABLE_STRICT_OBJC_MSGSEND = YES;
				GCC_C_LANGUAGE_STANDARD = gnu11;
				GCC_NO_COMMON_BLOCKS = YES;
				GCC_WARN_64_TO_32_BIT_CONVERSION = YES;
				GCC_WARN_ABOUT_RETURN_TYPE = YES_ERROR;
				GCC_WARN_UNDECLARED_SELECTOR = YES;
				GCC_WARN_UNINITIALIZED_AUTOS = YES_AGGRESSIVE;
				GCC_WARN_UNUSED_FUNCTION = YES;
				GCC_WARN_UNUSED_VARIABLE = YES;
				IPHONEOS_DEPLOYMENT_TARGET = 11.2;
				MTL_ENABLE_DEBUG_INFO = NO;
				SDKROOT = iphoneos;
				SWIFT_OPTIMIZATION_LEVEL = "-Owholemodule";
				VALIDATE_PRODUCT = YES;
			};
			name = Release;
		};
		8E94677720891332002A4EF1 /* Debug */ = {
			isa = XCBuildConfiguration;
			baseConfigurationReference = 7FE00DBA4A40C041E79FB0CC /* Pods-NailFinder2.debug.xcconfig */;
			buildSettings = {
				ASSETCATALOG_COMPILER_APPICON_NAME = AppIcon;
				CODE_SIGN_STYLE = Automatic;
				INFOPLIST_FILE = NailFinder2/Info.plist;
				LD_RUNPATH_SEARCH_PATHS = "$(inherited) @executable_path/Frameworks";
				PRODUCT_BUNDLE_IDENTIFIER = "com.snow-bro.NailFinder2";
				PRODUCT_NAME = "$(TARGET_NAME)";
				SWIFT_VERSION = 4.0;
				TARGETED_DEVICE_FAMILY = "1,2";
			};
			name = Debug;
		};
		8E94677820891332002A4EF1 /* Release */ = {
			isa = XCBuildConfiguration;
			baseConfigurationReference = EB6134298E02D12CC2C5AE50 /* Pods-NailFinder2.release.xcconfig */;
			buildSettings = {
				ASSETCATALOG_COMPILER_APPICON_NAME = AppIcon;
				CODE_SIGN_STYLE = Automatic;
				INFOPLIST_FILE = NailFinder2/Info.plist;
				LD_RUNPATH_SEARCH_PATHS = "$(inherited) @executable_path/Frameworks";
				PRODUCT_BUNDLE_IDENTIFIER = "com.snow-bro.NailFinder2";
				PRODUCT_NAME = "$(TARGET_NAME)";
				SWIFT_VERSION = 4.0;
				TARGETED_DEVICE_FAMILY = "1,2";
			};
			name = Release;
		};
		8E94677A20891332002A4EF1 /* Debug */ = {
			isa = XCBuildConfiguration;
			baseConfigurationReference = 52328DBED372930A3C0F7DB0 /* Pods-NailFinder2Tests.debug.xcconfig */;
			buildSettings = {
				ALWAYS_EMBED_SWIFT_STANDARD_LIBRARIES = YES;
				BUNDLE_LOADER = "$(TEST_HOST)";
				CODE_SIGN_STYLE = Automatic;
				INFOPLIST_FILE = NailFinder2Tests/Info.plist;
				LD_RUNPATH_SEARCH_PATHS = "$(inherited) @executable_path/Frameworks @loader_path/Frameworks";
				PRODUCT_BUNDLE_IDENTIFIER = "com.snow-bro.NailFinder2Tests";
				PRODUCT_NAME = "$(TARGET_NAME)";
				SWIFT_VERSION = 4.0;
				TARGETED_DEVICE_FAMILY = "1,2";
				TEST_HOST = "$(BUILT_PRODUCTS_DIR)/NailFinder2.app/NailFinder2";
			};
			name = Debug;
		};
		8E94677B20891332002A4EF1 /* Release */ = {
			isa = XCBuildConfiguration;
			baseConfigurationReference = 7041835F10A721FDB244EE07 /* Pods-NailFinder2Tests.release.xcconfig */;
			buildSettings = {
				ALWAYS_EMBED_SWIFT_STANDARD_LIBRARIES = YES;
				BUNDLE_LOADER = "$(TEST_HOST)";
				CODE_SIGN_STYLE = Automatic;
				INFOPLIST_FILE = NailFinder2Tests/Info.plist;
				LD_RUNPATH_SEARCH_PATHS = "$(inherited) @executable_path/Frameworks @loader_path/Frameworks";
				PRODUCT_BUNDLE_IDENTIFIER = "com.snow-bro.NailFinder2Tests";
				PRODUCT_NAME = "$(TARGET_NAME)";
				SWIFT_VERSION = 4.0;
				TARGETED_DEVICE_FAMILY = "1,2";
				TEST_HOST = "$(BUILT_PRODUCTS_DIR)/NailFinder2.app/NailFinder2";
			};
			name = Release;
		};
		8E94677D20891332002A4EF1 /* Debug */ = {
			isa = XCBuildConfiguration;
			baseConfigurationReference = 1989088403213A850872245B /* Pods-NailFinder2UITests.debug.xcconfig */;
			buildSettings = {
				ALWAYS_EMBED_SWIFT_STANDARD_LIBRARIES = YES;
				CODE_SIGN_STYLE = Automatic;
				INFOPLIST_FILE = NailFinder2UITests/Info.plist;
				LD_RUNPATH_SEARCH_PATHS = "$(inherited) @executable_path/Frameworks @loader_path/Frameworks";
				PRODUCT_BUNDLE_IDENTIFIER = "com.snow-bro.NailFinder2UITests";
				PRODUCT_NAME = "$(TARGET_NAME)";
				SWIFT_VERSION = 4.0;
				TARGETED_DEVICE_FAMILY = "1,2";
				TEST_TARGET_NAME = NailFinder2;
			};
			name = Debug;
		};
		8E94677E20891332002A4EF1 /* Release */ = {
			isa = XCBuildConfiguration;
			baseConfigurationReference = 87663C1112236F06A3817261 /* Pods-NailFinder2UITests.release.xcconfig */;
			buildSettings = {
				ALWAYS_EMBED_SWIFT_STANDARD_LIBRARIES = YES;
				CODE_SIGN_STYLE = Automatic;
				INFOPLIST_FILE = NailFinder2UITests/Info.plist;
				LD_RUNPATH_SEARCH_PATHS = "$(inherited) @executable_path/Frameworks @loader_path/Frameworks";
				PRODUCT_BUNDLE_IDENTIFIER = "com.snow-bro.NailFinder2UITests";
				PRODUCT_NAME = "$(TARGET_NAME)";
				SWIFT_VERSION = 4.0;
				TARGETED_DEVICE_FAMILY = "1,2";
				TEST_TARGET_NAME = NailFinder2;
			};
			name = Release;
		};
/* End XCBuildConfiguration section */

/* Begin XCConfigurationList section */
		8E94674920891332002A4EF1 /* Build configuration list for PBXProject "NailFinder2" */ = {
			isa = XCConfigurationList;
			buildConfigurations = (
				8E94677420891332002A4EF1 /* Debug */,
				8E94677520891332002A4EF1 /* Release */,
			);
			defaultConfigurationIsVisible = 0;
			defaultConfigurationName = Release;
		};
		8E94677620891332002A4EF1 /* Build configuration list for PBXNativeTarget "NailFinder2" */ = {
			isa = XCConfigurationList;
			buildConfigurations = (
				8E94677720891332002A4EF1 /* Debug */,
				8E94677820891332002A4EF1 /* Release */,
			);
			defaultConfigurationIsVisible = 0;
			defaultConfigurationName = Release;
		};
		8E94677920891332002A4EF1 /* Build configuration list for PBXNativeTarget "NailFinder2Tests" */ = {
			isa = XCConfigurationList;
			buildConfigurations = (
				8E94677A20891332002A4EF1 /* Debug */,
				8E94677B20891332002A4EF1 /* Release */,
			);
			defaultConfigurationIsVisible = 0;
			defaultConfigurationName = Release;
		};
		8E94677C20891332002A4EF1 /* Build configuration list for PBXNativeTarget "NailFinder2UITests" */ = {
			isa = XCConfigurationList;
			buildConfigurations = (
				8E94677D20891332002A4EF1 /* Debug */,
				8E94677E20891332002A4EF1 /* Release */,
			);
			defaultConfigurationIsVisible = 0;
			defaultConfigurationName = Release;
		};
/* End XCConfigurationList section */
	};
	rootObject = 8E94674620891332002A4EF1 /* Project object */;
}
